// !$*UTF8*$!
{
	archiveVersion = 1;
	classes = {
	};
	objectVersion = 56;
	objects = {

/* Begin PBXBuildFile section */
		67B3445429845B3E00062DCD /* WhatsappCloneApp.swift in Sources */ = {isa = PBXBuildFile; fileRef = 67B3445329845B3E00062DCD /* WhatsappCloneApp.swift */; };
		67B3445629845B3E00062DCD /* ContentView.swift in Sources */ = {isa = PBXBuildFile; fileRef = 67B3445529845B3E00062DCD /* ContentView.swift */; };
		67B3445829845B3F00062DCD /* Assets.xcassets in Resources */ = {isa = PBXBuildFile; fileRef = 67B3445729845B3F00062DCD /* Assets.xcassets */; };
		67B3445B29845B3F00062DCD /* Preview Assets.xcassets in Resources */ = {isa = PBXBuildFile; fileRef = 67B3445A29845B3F00062DCD /* Preview Assets.xcassets */; };
		67B3446529845B3F00062DCD /* WhatsappCloneTests.swift in Sources */ = {isa = PBXBuildFile; fileRef = 67B3446429845B3F00062DCD /* WhatsappCloneTests.swift */; };
		67B3446F29845B3F00062DCD /* WhatsappCloneUITests.swift in Sources */ = {isa = PBXBuildFile; fileRef = 67B3446E29845B3F00062DCD /* WhatsappCloneUITests.swift */; };
		67B3447129845B3F00062DCD /* WhatsappCloneUITestsLaunchTests.swift in Sources */ = {isa = PBXBuildFile; fileRef = 67B3447029845B3F00062DCD /* WhatsappCloneUITestsLaunchTests.swift */; };
/* End PBXBuildFile section */

/* Begin PBXContainerItemProxy section */
		67B3446129845B3F00062DCD /* PBXContainerItemProxy */ = {
			isa = PBXContainerItemProxy;
			containerPortal = 67B3444829845B3E00062DCD /* Project object */;
			proxyType = 1;
			remoteGlobalIDString = 67B3444F29845B3E00062DCD;
			remoteInfo = WhatsappClone;
		};
		67B3446B29845B3F00062DCD /* PBXContainerItemProxy */ = {
			isa = PBXContainerItemProxy;
			containerPortal = 67B3444829845B3E00062DCD /* Project object */;
			proxyType = 1;
			remoteGlobalIDString = 67B3444F29845B3E00062DCD;
			remoteInfo = WhatsappClone;
		};
/* End PBXContainerItemProxy section */

/* Begin PBXFileReference section */
		67B3445029845B3E00062DCD /* WhatsappClone.app */ = {isa = PBXFileReference; explicitFileType = wrapper.application; includeInIndex = 0; path = WhatsappClone.app; sourceTree = BUILT_PRODUCTS_DIR; };
		67B3445329845B3E00062DCD /* WhatsappCloneApp.swift */ = {isa = PBXFileReference; lastKnownFileType = sourcecode.swift; path = WhatsappCloneApp.swift; sourceTree = "<group>"; };
		67B3445529845B3E00062DCD /* ContentView.swift */ = {isa = PBXFileReference; lastKnownFileType = sourcecode.swift; path = ContentView.swift; sourceTree = "<group>"; };
		67B3445729845B3F00062DCD /* Assets.xcassets */ = {isa = PBXFileReference; lastKnownFileType = folder.assetcatalog; path = Assets.xcassets; sourceTree = "<group>"; };
		67B3445A29845B3F00062DCD /* Preview Assets.xcassets */ = {isa = PBXFileReference; lastKnownFileType = folder.assetcatalog; path = "Preview Assets.xcassets"; sourceTree = "<group>"; };
		67B3446029845B3F00062DCD /* WhatsappCloneTests.xctest */ = {isa = PBXFileReference; explicitFileType = wrapper.cfbundle; includeInIndex = 0; path = WhatsappCloneTests.xctest; sourceTree = BUILT_PRODUCTS_DIR; };
		67B3446429845B3F00062DCD /* WhatsappCloneTests.swift */ = {isa = PBXFileReference; lastKnownFileType = sourcecode.swift; path = WhatsappCloneTests.swift; sourceTree = "<group>"; };
		67B3446A29845B3F00062DCD /* WhatsappCloneUITests.xctest */ = {isa = PBXFileReference; explicitFileType = wrapper.cfbundle; includeInIndex = 0; path = WhatsappCloneUITests.xctest; sourceTree = BUILT_PRODUCTS_DIR; };
		67B3446E29845B3F00062DCD /* WhatsappCloneUITests.swift */ = {isa = PBXFileReference; lastKnownFileType = sourcecode.swift; path = WhatsappCloneUITests.swift; sourceTree = "<group>"; };
		67B3447029845B3F00062DCD /* WhatsappCloneUITestsLaunchTests.swift */ = {isa = PBXFileReference; lastKnownFileType = sourcecode.swift; path = WhatsappCloneUITestsLaunchTests.swift; sourceTree = "<group>"; };
/* End PBXFileReference section */

/* Begin PBXFrameworksBuildPhase section */
		67B3444D29845B3E00062DCD /* Frameworks */ = {
			isa = PBXFrameworksBuildPhase;
			buildActionMask = 2147483647;
			files = (
			);
			runOnlyForDeploymentPostprocessing = 0;
		};
		67B3445D29845B3F00062DCD /* Frameworks */ = {
			isa = PBXFrameworksBuildPhase;
			buildActionMask = 2147483647;
			files = (
			);
			runOnlyForDeploymentPostprocessing = 0;
		};
		67B3446729845B3F00062DCD /* Frameworks */ = {
			isa = PBXFrameworksBuildPhase;
			buildActionMask = 2147483647;
			files = (
			);
			runOnlyForDeploymentPostprocessing = 0;
		};
/* End PBXFrameworksBuildPhase section */

/* Begin PBXGroup section */
		67B3444729845B3E00062DCD = {
			isa = PBXGroup;
			children = (
				67B3445229845B3E00062DCD /* WhatsappClone */,
				67B3446329845B3F00062DCD /* WhatsappCloneTests */,
				67B3446D29845B3F00062DCD /* WhatsappCloneUITests */,
				67B3445129845B3E00062DCD /* Products */,
			);
			sourceTree = "<group>";
		};
		67B3445129845B3E00062DCD /* Products */ = {
			isa = PBXGroup;
			children = (
				67B3445029845B3E00062DCD /* WhatsappClone.app */,
				67B3446029845B3F00062DCD /* WhatsappCloneTests.xctest */,
				67B3446A29845B3F00062DCD /* WhatsappCloneUITests.xctest */,
			);
			name = Products;
			sourceTree = "<group>";
		};
		67B3445229845B3E00062DCD /* WhatsappClone */ = {
			isa = PBXGroup;
			children = (
				67B3445329845B3E00062DCD /* WhatsappCloneApp.swift */,
				67B3445529845B3E00062DCD /* ContentView.swift */,
				67B3445729845B3F00062DCD /* Assets.xcassets */,
				67B3445929845B3F00062DCD /* Preview Content */,
			);
			path = WhatsappClone;
			sourceTree = "<group>";
		};
		67B3445929845B3F00062DCD /* Preview Content */ = {
			isa = PBXGroup;
			children = (
				67B3445A29845B3F00062DCD /* Preview Assets.xcassets */,
			);
			path = "Preview Content";
			sourceTree = "<group>";
		};
		67B3446329845B3F00062DCD /* WhatsappCloneTests */ = {
			isa = PBXGroup;
			children = (
				67B3446429845B3F00062DCD /* WhatsappCloneTests.swift */,
			);
			path = WhatsappCloneTests;
			sourceTree = "<group>";
		};
		67B3446D29845B3F00062DCD /* WhatsappCloneUITests */ = {
			isa = PBXGroup;
			children = (
				67B3446E29845B3F00062DCD /* WhatsappCloneUITests.swift */,
				67B3447029845B3F00062DCD /* WhatsappCloneUITestsLaunchTests.swift */,
			);
			path = WhatsappCloneUITests;
			sourceTree = "<group>";
		};
/* End PBXGroup section */

/* Begin PBXNativeTarget section */
		67B3444F29845B3E00062DCD /* WhatsappClone */ = {
			isa = PBXNativeTarget;
			buildConfigurationList = 67B3447429845B3F00062DCD /* Build configuration list for PBXNativeTarget "WhatsappClone" */;
			buildPhases = (
				67B3444C29845B3E00062DCD /* Sources */,
				67B3444D29845B3E00062DCD /* Frameworks */,
				67B3444E29845B3E00062DCD /* Resources */,
			);
			buildRules = (
			);
			dependencies = (
			);
			name = WhatsappClone;
			productName = WhatsappClone;
			productReference = 67B3445029845B3E00062DCD /* WhatsappClone.app */;
			productType = "com.apple.product-type.application";
		};
		67B3445F29845B3F00062DCD /* WhatsappCloneTests */ = {
			isa = PBXNativeTarget;
			buildConfigurationList = 67B3447729845B3F00062DCD /* Build configuration list for PBXNativeTarget "WhatsappCloneTests" */;
			buildPhases = (
				67B3445C29845B3F00062DCD /* Sources */,
				67B3445D29845B3F00062DCD /* Frameworks */,
				67B3445E29845B3F00062DCD /* Resources */,
			);
			buildRules = (
			);
			dependencies = (
				67B3446229845B3F00062DCD /* PBXTargetDependency */,
			);
			name = WhatsappCloneTests;
			productName = WhatsappCloneTests;
			productReference = 67B3446029845B3F00062DCD /* WhatsappCloneTests.xctest */;
			productType = "com.apple.product-type.bundle.unit-test";
		};
		67B3446929845B3F00062DCD /* WhatsappCloneUITests */ = {
			isa = PBXNativeTarget;
			buildConfigurationList = 67B3447A29845B3F00062DCD /* Build configuration list for PBXNativeTarget "WhatsappCloneUITests" */;
			buildPhases = (
				67B3446629845B3F00062DCD /* Sources */,
				67B3446729845B3F00062DCD /* Frameworks */,
				67B3446829845B3F00062DCD /* Resources */,
			);
			buildRules = (
			);
			dependencies = (
				67B3446C29845B3F00062DCD /* PBXTargetDependency */,
			);
			name = WhatsappCloneUITests;
			productName = WhatsappCloneUITests;
			productReference = 67B3446A29845B3F00062DCD /* WhatsappCloneUITests.xctest */;
			productType = "com.apple.product-type.bundle.ui-testing";
		};
/* End PBXNativeTarget section */

/* Begin PBXProject section */
		67B3444829845B3E00062DCD /* Project object */ = {
			isa = PBXProject;
			attributes = {
				BuildIndependentTargetsInParallel = 1;
				LastSwiftUpdateCheck = 1420;
				LastUpgradeCheck = 1420;
				TargetAttributes = {
					67B3444F29845B3E00062DCD = {
						CreatedOnToolsVersion = 14.2;
					};
					67B3445F29845B3F00062DCD = {
						CreatedOnToolsVersion = 14.2;
						TestTargetID = 67B3444F29845B3E00062DCD;
					};
					67B3446929845B3F00062DCD = {
						CreatedOnToolsVersion = 14.2;
						TestTargetID = 67B3444F29845B3E00062DCD;
					};
				};
			};
			buildConfigurationList = 67B3444B29845B3E00062DCD /* Build configuration list for PBXProject "WhatsappClone" */;
			compatibilityVersion = "Xcode 14.0";
			developmentRegion = en;
			hasScannedForEncodings = 0;
			knownRegions = (
				en,
				Base,
			);
			mainGroup = 67B3444729845B3E00062DCD;
			productRefGroup = 67B3445129845B3E00062DCD /* Products */;
			projectDirPath = "";
			projectRoot = "";
			targets = (
				67B3444F29845B3E00062DCD /* WhatsappClone */,
				67B3445F29845B3F00062DCD /* WhatsappCloneTests */,
				67B3446929845B3F00062DCD /* WhatsappCloneUITests */,
			);
		};
/* End PBXProject section */

/* Begin PBXResourcesBuildPhase section */
		67B3444E29845B3E00062DCD /* Resources */ = {
			isa = PBXResourcesBuildPhase;
			buildActionMask = 2147483647;
			files = (
				67B3445B29845B3F00062DCD /* Preview Assets.xcassets in Resources */,
				67B3445829845B3F00062DCD /* Assets.xcassets in Resources */,
			);
			runOnlyForDeploymentPostprocessing = 0;
		};
		67B3445E29845B3F00062DCD /* Resources */ = {
			isa = PBXResourcesBuildPhase;
			buildActionMask = 2147483647;
			files = (
			);
			runOnlyForDeploymentPostprocessing = 0;
		};
		67B3446829845B3F00062DCD /* Resources */ = {
			isa = PBXResourcesBuildPhase;
			buildActionMask = 2147483647;
			files = (
			);
			runOnlyForDeploymentPostprocessing = 0;
		};
/* End PBXResourcesBuildPhase section */

/* Begin PBXSourcesBuildPhase section */
		67B3444C29845B3E00062DCD /* Sources */ = {
			isa = PBXSourcesBuildPhase;
			buildActionMask = 2147483647;
			files = (
				67B3445629845B3E00062DCD /* ContentView.swift in Sources */,
				67B3445429845B3E00062DCD /* WhatsappCloneApp.swift in Sources */,
			);
			runOnlyForDeploymentPostprocessing = 0;
		};
		67B3445C29845B3F00062DCD /* Sources */ = {
			isa = PBXSourcesBuildPhase;
			buildActionMask = 2147483647;
			files = (
				67B3446529845B3F00062DCD /* WhatsappCloneTests.swift in Sources */,
			);
			runOnlyForDeploymentPostprocessing = 0;
		};
		67B3446629845B3F00062DCD /* Sources */ = {
			isa = PBXSourcesBuildPhase;
			buildActionMask = 2147483647;
			files = (
				67B3447129845B3F00062DCD /* WhatsappCloneUITestsLaunchTests.swift in Sources */,
				67B3446F29845B3F00062DCD /* WhatsappCloneUITests.swift in Sources */,
			);
			runOnlyForDeploymentPostprocessing = 0;
		};
/* End PBXSourcesBuildPhase section */

/* Begin PBXTargetDependency section */
		67B3446229845B3F00062DCD /* PBXTargetDependency */ = {
			isa = PBXTargetDependency;
			target = 67B3444F29845B3E00062DCD /* WhatsappClone */;
			targetProxy = 67B3446129845B3F00062DCD /* PBXContainerItemProxy */;
		};
		67B3446C29845B3F00062DCD /* PBXTargetDependency */ = {
			isa = PBXTargetDependency;
			target = 67B3444F29845B3E00062DCD /* WhatsappClone */;
			targetProxy = 67B3446B29845B3F00062DCD /* PBXContainerItemProxy */;
		};
/* End PBXTargetDependency section */

/* Begin XCBuildConfiguration section */
		67B3447229845B3F00062DCD /* Debug */ = {
			isa = XCBuildConfiguration;
			buildSettings = {
				ALWAYS_SEARCH_USER_PATHS = NO;
				CLANG_ANALYZER_NONNULL = YES;
				CLANG_ANALYZER_NUMBER_OBJECT_CONVERSION = YES_AGGRESSIVE;
				CLANG_CXX_LANGUAGE_STANDARD = "gnu++20";
				CLANG_ENABLE_MODULES = YES;
				CLANG_ENABLE_OBJC_ARC = YES;
				CLANG_ENABLE_OBJC_WEAK = YES;
				CLANG_WARN_BLOCK_CAPTURE_AUTORELEASING = YES;
				CLANG_WARN_BOOL_CONVERSION = YES;
				CLANG_WARN_COMMA = YES;
				CLANG_WARN_CONSTANT_CONVERSION = YES;
				CLANG_WARN_DEPRECATED_OBJC_IMPLEMENTATIONS = YES;
				CLANG_WARN_DIRECT_OBJC_ISA_USAGE = YES_ERROR;
				CLANG_WARN_DOCUMENTATION_COMMENTS = YES;
				CLANG_WARN_EMPTY_BODY = YES;
				CLANG_WARN_ENUM_CONVERSION = YES;
				CLANG_WARN_INFINITE_RECURSION = YES;
				CLANG_WARN_INT_CONVERSION = YES;
				CLANG_WARN_NON_LITERAL_NULL_CONVERSION = YES;
				CLANG_WARN_OBJC_IMPLICIT_RETAIN_SELF = YES;
				CLANG_WARN_OBJC_LITERAL_CONVERSION = YES;
				CLANG_WARN_OBJC_ROOT_CLASS = YES_ERROR;
				CLANG_WARN_QUOTED_INCLUDE_IN_FRAMEWORK_HEADER = YES;
				CLANG_WARN_RANGE_LOOP_ANALYSIS = YES;
				CLANG_WARN_STRICT_PROTOTYPES = YES;
				CLANG_WARN_SUSPICIOUS_MOVE = YES;
				CLANG_WARN_UNGUARDED_AVAILABILITY = YES_AGGRESSIVE;
				CLANG_WARN_UNREACHABLE_CODE = YES;
				CLANG_WARN__DUPLICATE_METHOD_MATCH = YES;
				COPY_PHASE_STRIP = NO;
				DEBUG_INFORMATION_FORMAT = dwarf;
				ENABLE_STRICT_OBJC_MSGSEND = YES;
				ENABLE_TESTABILITY = YES;
				GCC_C_LANGUAGE_STANDARD = gnu11;
				GCC_DYNAMIC_NO_PIC = NO;
				GCC_NO_COMMON_BLOCKS = YES;
				GCC_OPTIMIZATION_LEVEL = 0;
				GCC_PREPROCESSOR_DEFINITIONS = (
					"DEBUG=1",
					"$(inherited)",
				);
				GCC_WARN_64_TO_32_BIT_CONVERSION = YES;
				GCC_WARN_ABOUT_RETURN_TYPE = YES_ERROR;
				GCC_WARN_UNDECLARED_SELECTOR = YES;
				GCC_WARN_UNINITIALIZED_AUTOS = YES_AGGRESSIVE;
				GCC_WARN_UNUSED_FUNCTION = YES;
				GCC_WARN_UNUSED_VARIABLE = YES;
				IPHONEOS_DEPLOYMENT_TARGET = 16.2;
				MTL_ENABLE_DEBUG_INFO = INCLUDE_SOURCE;
				MTL_FAST_MATH = YES;
				ONLY_ACTIVE_ARCH = YES;
				SDKROOT = iphoneos;
				SWIFT_ACTIVE_COMPILATION_CONDITIONS = DEBUG;
				SWIFT_OPTIMIZATION_LEVEL = "-Onone";
			};
			name = Debug;
		};
		67B3447329845B3F00062DCD /* Release */ = {
			isa = XCBuildConfiguration;
			buildSettings = {
				ALWAYS_SEARCH_USER_PATHS = NO;
				CLANG_ANALYZER_NONNULL = YES;
				CLANG_ANALYZER_NUMBER_OBJECT_CONVERSION = YES_AGGRESSIVE;
				CLANG_CXX_LANGUAGE_STANDARD = "gnu++20";
				CLANG_ENABLE_MODULES = YES;
				CLANG_ENABLE_OBJC_ARC = YES;
				CLANG_ENABLE_OBJC_WEAK = YES;
				CLANG_WARN_BLOCK_CAPTURE_AUTORELEASING = YES;
				CLANG_WARN_BOOL_CONVERSION = YES;
				CLANG_WARN_COMMA = YES;
				CLANG_WARN_CONSTANT_CONVERSION = YES;
				CLANG_WARN_DEPRECATED_OBJC_IMPLEMENTATIONS = YES;
				CLANG_WARN_DIRECT_OBJC_ISA_USAGE = YES_ERROR;
				CLANG_WARN_DOCUMENTATION_COMMENTS = YES;
				CLANG_WARN_EMPTY_BODY = YES;
				CLANG_WARN_ENUM_CONVERSION = YES;
				CLANG_WARN_INFINITE_RECURSION = YES;
				CLANG_WARN_INT_CONVERSION = YES;
				CLANG_WARN_NON_LITERAL_NULL_CONVERSION = YES;
				CLANG_WARN_OBJC_IMPLICIT_RETAIN_SELF = YES;
				CLANG_WARN_OBJC_LITERAL_CONVERSION = YES;
				CLANG_WARN_OBJC_ROOT_CLASS = YES_ERROR;
				CLANG_WARN_QUOTED_INCLUDE_IN_FRAMEWORK_HEADER = YES;
				CLANG_WARN_RANGE_LOOP_ANALYSIS = YES;
				CLANG_WARN_STRICT_PROTOTYPES = YES;
				CLANG_WARN_SUSPICIOUS_MOVE = YES;
				CLANG_WARN_UNGUARDED_AVAILABILITY = YES_AGGRESSIVE;
				CLANG_WARN_UNREACHABLE_CODE = YES;
				CLANG_WARN__DUPLICATE_METHOD_MATCH = YES;
				COPY_PHASE_STRIP = NO;
				DEBUG_INFORMATION_FORMAT = "dwarf-with-dsym";
				ENABLE_NS_ASSERTIONS = NO;
				ENABLE_STRICT_OBJC_MSGSEND = YES;
				GCC_C_LANGUAGE_STANDARD = gnu11;
				GCC_NO_COMMON_BLOCKS = YES;
				GCC_WARN_64_TO_32_BIT_CONVERSION = YES;
				GCC_WARN_ABOUT_RETURN_TYPE = YES_ERROR;
				GCC_WARN_UNDECLARED_SELECTOR = YES;
				GCC_WARN_UNINITIALIZED_AUTOS = YES_AGGRESSIVE;
				GCC_WARN_UNUSED_FUNCTION = YES;
				GCC_WARN_UNUSED_VARIABLE = YES;
				IPHONEOS_DEPLOYMENT_TARGET = 16.2;
				MTL_ENABLE_DEBUG_INFO = NO;
				MTL_FAST_MATH = YES;
				SDKROOT = iphoneos;
				SWIFT_COMPILATION_MODE = wholemodule;
				SWIFT_OPTIMIZATION_LEVEL = "-O";
				VALIDATE_PRODUCT = YES;
			};
			name = Release;
		};
		67B3447529845B3F00062DCD /* Debug */ = {
			isa = XCBuildConfiguration;
			buildSettings = {
				ASSETCATALOG_COMPILER_APPICON_NAME = AppIcon;
				ASSETCATALOG_COMPILER_GLOBAL_ACCENT_COLOR_NAME = AccentColor;
				CODE_SIGN_STYLE = Automatic;
				CURRENT_PROJECT_VERSION = 1;
				DEVELOPMENT_ASSET_PATHS = "\"WhatsappClone/Preview Content\"";
				DEVELOPMENT_TEAM = QPD3Q5N8HK;
				ENABLE_PREVIEWS = YES;
				GENERATE_INFOPLIST_FILE = YES;
				INFOPLIST_KEY_UIApplicationSceneManifest_Generation = YES;
				INFOPLIST_KEY_UIApplicationSupportsIndirectInputEvents = YES;
				INFOPLIST_KEY_UILaunchScreen_Generation = YES;
				INFOPLIST_KEY_UISupportedInterfaceOrientations_iPad = "UIInterfaceOrientationPortrait UIInterfaceOrientationPortraitUpsideDown UIInterfaceOrientationLandscapeLeft UIInterfaceOrientationLandscapeRight";
				INFOPLIST_KEY_UISupportedInterfaceOrientations_iPhone = "UIInterfaceOrientationPortrait UIInterfaceOrientationLandscapeLeft UIInterfaceOrientationLandscapeRight";
				LD_RUNPATH_SEARCH_PATHS = (
					"$(inherited)",
					"@executable_path/Frameworks",
				);
				MARKETING_VERSION = 1.0;
				PRODUCT_BUNDLE_IDENTIFIER = OOT.WhatsappClone;
				PRODUCT_NAME = "$(TARGET_NAME)";
				SWIFT_EMIT_LOC_STRINGS = YES;
				SWIFT_VERSION = 5.0;
				TARGETED_DEVICE_FAMILY = "1,2";
			};
			name = Debug;
		};
		67B3447629845B3F00062DCD /* Release */ = {
			isa = XCBuildConfiguration;
			buildSettings = {
				ASSETCATALOG_COMPILER_APPICON_NAME = AppIcon;
				ASSETCATALOG_COMPILER_GLOBAL_ACCENT_COLOR_NAME = AccentColor;
				CODE_SIGN_STYLE = Automatic;
				CURRENT_PROJECT_VERSION = 1;
				DEVELOPMENT_ASSET_PATHS = "\"WhatsappClone/Preview Content\"";
				DEVELOPMENT_TEAM = QPD3Q5N8HK;
				ENABLE_PREVIEWS = YES;
				GENERATE_INFOPLIST_FILE = YES;
				INFOPLIST_KEY_UIApplicationSceneManifest_Generation = YES;
				INFOPLIST_KEY_UIApplicationSupportsIndirectInputEvents = YES;
				INFOPLIST_KEY_UILaunchScreen_Generation = YES;
				INFOPLIST_KEY_UISupportedInterfaceOrientations_iPad = "UIInterfaceOrientationPortrait UIInterfaceOrientationPortraitUpsideDown UIInterfaceOrientationLandscapeLeft UIInterfaceOrientationLandscapeRight";
				INFOPLIST_KEY_UISupportedInterfaceOrientations_iPhone = "UIInterfaceOrientationPortrait UIInterfaceOrientationLandscapeLeft UIInterfaceOrientationLandscapeRight";
				LD_RUNPATH_SEARCH_PATHS = (
					"$(inherited)",
					"@executable_path/Frameworks",
				);
				MARKETING_VERSION = 1.0;
				PRODUCT_BUNDLE_IDENTIFIER = OOT.WhatsappClone;
				PRODUCT_NAME = "$(TARGET_NAME)";
				SWIFT_EMIT_LOC_STRINGS = YES;
				SWIFT_VERSION = 5.0;
				TARGETED_DEVICE_FAMILY = "1,2";
			};
			name = Release;
		};
		67B3447829845B3F00062DCD /* Debug */ = {
			isa = XCBuildConfiguration;
			buildSettings = {
				ALWAYS_EMBED_SWIFT_STANDARD_LIBRARIES = YES;
				BUNDLE_LOADER = "$(TEST_HOST)";
				CODE_SIGN_STYLE = Automatic;
				CURRENT_PROJECT_VERSION = 1;
				DEVELOPMENT_TEAM = QPD3Q5N8HK;
				GENERATE_INFOPLIST_FILE = YES;
				IPHONEOS_DEPLOYMENT_TARGET = 16.2;
				MARKETING_VERSION = 1.0;
				PRODUCT_BUNDLE_IDENTIFIER = OOT.WhatsappCloneTests;
				PRODUCT_NAME = "$(TARGET_NAME)";
				SWIFT_EMIT_LOC_STRINGS = NO;
				SWIFT_VERSION = 5.0;
				TARGETED_DEVICE_FAMILY = "1,2";
				TEST_HOST = "$(BUILT_PRODUCTS_DIR)/WhatsappClone.app/$(BUNDLE_EXECUTABLE_FOLDER_PATH)/WhatsappClone";
			};
			name = Debug;
		};
		67B3447929845B3F00062DCD /* Release */ = {
			isa = XCBuildConfiguration;
			buildSettings = {
				ALWAYS_EMBED_SWIFT_STANDARD_LIBRARIES = YES;
				BUNDLE_LOADER = "$(TEST_HOST)";
				CODE_SIGN_STYLE = Automatic;
				CURRENT_PROJECT_VERSION = 1;
				DEVELOPMENT_TEAM = QPD3Q5N8HK;
				GENERATE_INFOPLIST_FILE = YES;
				IPHONEOS_DEPLOYMENT_TARGET = 16.2;
				MARKETING_VERSION = 1.0;
				PRODUCT_BUNDLE_IDENTIFIER = OOT.WhatsappCloneTests;
				PRODUCT_NAME = "$(TARGET_NAME)";
				SWIFT_EMIT_LOC_STRINGS = NO;
				SWIFT_VERSION = 5.0;
				TARGETED_DEVICE_FAMILY = "1,2";
				TEST_HOST = "$(BUILT_PRODUCTS_DIR)/WhatsappClone.app/$(BUNDLE_EXECUTABLE_FOLDER_PATH)/WhatsappClone";
			};
			name = Release;
		};
		67B3447B29845B3F00062DCD /* Debug */ = {
			isa = XCBuildConfiguration;
			buildSettings = {
				ALWAYS_EMBED_SWIFT_STANDARD_LIBRARIES = YES;
				CODE_SIGN_STYLE = Automatic;
				CURRENT_PROJECT_VERSION = 1;
				DEVELOPMENT_TEAM = QPD3Q5N8HK;
				GENERATE_INFOPLIST_FILE = YES;
				MARKETING_VERSION = 1.0;
				PRODUCT_BUNDLE_IDENTIFIER = OOT.WhatsappCloneUITests;
				PRODUCT_NAME = "$(TARGET_NAME)";
				SWIFT_EMIT_LOC_STRINGS = NO;
				SWIFT_VERSION = 5.0;
				TARGETED_DEVICE_FAMILY = "1,2";
				TEST_TARGET_NAME = WhatsappClone;
			};
			name = Debug;
		};
		67B3447C29845B3F00062DCD /* Release */ = {
			isa = XCBuildConfiguration;
			buildSettings = {
				ALWAYS_EMBED_SWIFT_STANDARD_LIBRARIES = YES;
				CODE_SIGN_STYLE = Automatic;
				CURRENT_PROJECT_VERSION = 1;
				DEVELOPMENT_TEAM = QPD3Q5N8HK;
				GENERATE_INFOPLIST_FILE = YES;
				MARKETING_VERSION = 1.0;
				PRODUCT_BUNDLE_IDENTIFIER = OOT.WhatsappCloneUITests;
				PRODUCT_NAME = "$(TARGET_NAME)";
				SWIFT_EMIT_LOC_STRINGS = NO;
				SWIFT_VERSION = 5.0;
				TARGETED_DEVICE_FAMILY = "1,2";
				TEST_TARGET_NAME = WhatsappClone;
			};
			name = Release;
		};
/* End XCBuildConfiguration section */

/* Begin XCConfigurationList section */
		67B3444B29845B3E00062DCD /* Build configuration list for PBXProject "WhatsappClone" */ = {
			isa = XCConfigurationList;
			buildConfigurations = (
				67B3447229845B3F00062DCD /* Debug */,
				67B3447329845B3F00062DCD /* Release */,
			);
			defaultConfigurationIsVisible = 0;
			defaultConfigurationName = Release;
		};
		67B3447429845B3F00062DCD /* Build configuration list for PBXNativeTarget "WhatsappClone" */ = {
			isa = XCConfigurationList;
			buildConfigurations = (
				67B3447529845B3F00062DCD /* Debug */,
				67B3447629845B3F00062DCD /* Release */,
			);
			defaultConfigurationIsVisible = 0;
			defaultConfigurationName = Release;
		};
		67B3447729845B3F00062DCD /* Build configuration list for PBXNativeTarget "WhatsappCloneTests" */ = {
			isa = XCConfigurationList;
			buildConfigurations = (
				67B3447829845B3F00062DCD /* Debug */,
				67B3447929845B3F00062DCD /* Release */,
			);
			defaultConfigurationIsVisible = 0;
			defaultConfigurationName = Release;
		};
		67B3447A29845B3F00062DCD /* Build configuration list for PBXNativeTarget "WhatsappCloneUITests" */ = {
			isa = XCConfigurationList;
			buildConfigurations = (
				67B3447B29845B3F00062DCD /* Debug */,
				67B3447C29845B3F00062DCD /* Release */,
			);
			defaultConfigurationIsVisible = 0;
			defaultConfigurationName = Release;
		};
/* End XCConfigurationList section */
	};
	rootObject = 67B3444829845B3E00062DCD /* Project object */;
}
